
Microsoft Visual Studio Solution File, Format Version 12.00
# Visual Studio Version 16
VisualStudioVersion = 16.0.30011.22
MinimumVisualStudioVersion = 10.0.40219.1
Project("{2150E333-8FDC-42A3-9474-1A3956D46DE8}") = "Solution Items", "Solution Items", "{A8668EAB-6602-4560-8C38-86C84FA9124C}"
	ProjectSection(SolutionItems) = preProject
		.editorconfig = .editorconfig
		Directory.Build.props = Directory.Build.props
		LICENSE.md = LICENSE.md
		README.md = README.md
	EndProjectSection
EndProject
Project("{2150E333-8FDC-42A3-9474-1A3956D46DE8}") = "Tests", "Tests", "{D58A09EC-1247-4839-95AA-3B8C9E649839}"
EndProject
Project("{2150E333-8FDC-42A3-9474-1A3956D46DE8}") = "Core", "Core", "{792AC347-74FB-4A4E-AD3B-D78B344D17BB}"
EndProject
Project("{9A19103F-16F7-4668-BE54-9A1E7A4F7556}") = "TypingRealm.Messaging.Core", "TypingRealm.Messaging.Core\TypingRealm.Messaging.Core.csproj", "{C0B9F69D-A0D4-4C48-9571-E949C4FC856A}"
EndProject
Project("{9A19103F-16F7-4668-BE54-9A1E7A4F7556}") = "TypingRealm.Messaging.Core.Tests", "Tests\TypingRealm.Messaging.Core.Tests\TypingRealm.Messaging.Core.Tests.csproj", "{E6CD6BB0-B695-4644-82EC-1E2799021FD4}"
EndProject
Project("{9A19103F-16F7-4668-BE54-9A1E7A4F7556}") = "TypingRealm.Testing", "TypingRealm.Testing\TypingRealm.Testing.csproj", "{D8C34300-15CD-4BC5-8182-2A9394345C77}"
EndProject
Project("{9A19103F-16F7-4668-BE54-9A1E7A4F7556}") = "TypingRealm.Messaging.Serialization.Core", "TypingRealm.Messaging.Serialization.Core\TypingRealm.Messaging.Serialization.Core.csproj", "{A5713268-B5CF-4C5A-B6B1-DE2A6E2CB176}"
EndProject
Project("{9A19103F-16F7-4668-BE54-9A1E7A4F7556}") = "TypingRealm.Messaging.Serialization.Core.Tests", "Tests\TypingRealm.Messaging.Serialization.Core.Tests\TypingRealm.Messaging.Serialization.Core.Tests.csproj", "{1CA39138-E838-4806-86FC-B1390A551397}"
EndProject
Project("{9A19103F-16F7-4668-BE54-9A1E7A4F7556}") = "TypingRealm.Messaging.Serialization.Protobuf.Core", "TypingRealm.Messaging.Serialization.Protobuf.Core\TypingRealm.Messaging.Serialization.Protobuf.Core.csproj", "{2C6D4875-73BD-48DD-B00D-FDC08823D43A}"
EndProject
Project("{9A19103F-16F7-4668-BE54-9A1E7A4F7556}") = "TypingRealm.Messaging.Serialization.Protobuf.Core.Tests", "Tests\TypingRealm.Messaging.Serialization.Protobuf.Core.Tests\TypingRealm.Messaging.Serialization.Protobuf.Core.Tests.csproj", "{576D1BF3-0BD0-4571-9CBB-C052B62C7B55}"
EndProject
Project("{9A19103F-16F7-4668-BE54-9A1E7A4F7556}") = "TypingRealm.Messaging", "TypingRealm.Messaging\TypingRealm.Messaging.csproj", "{EEE3FE4E-E52D-41ED-A51E-60F2EFED7CB0}"
EndProject
Project("{9A19103F-16F7-4668-BE54-9A1E7A4F7556}") = "TypingRealm.Messaging.Tests", "Tests\TypingRealm.Messaging.Tests\TypingRealm.Messaging.Tests.csproj", "{05FC5614-30E5-49BA-AC0A-CADECEB425E1}"
EndProject
Project("{9A19103F-16F7-4668-BE54-9A1E7A4F7556}") = "TypingRealm.Common", "TypingRealm.Common\TypingRealm.Common.csproj", "{3B28B6C1-9055-4440-83F9-0986C3DC4A9F}"
EndProject
Project("{9A19103F-16F7-4668-BE54-9A1E7A4F7556}") = "TypingRealm.Common.Tests", "Tests\TypingRealm.Common.Tests\TypingRealm.Common.Tests.csproj", "{2999E361-CE1D-4773-B933-D2AC764AF4D7}"
EndProject
Project("{9A19103F-16F7-4668-BE54-9A1E7A4F7556}") = "TypingRealm.TestClient", "TypingRealm.TestClient\TypingRealm.TestClient.csproj", "{1A860EE6-65E3-477E-BC5B-A8C125B4671C}"
EndProject
Project("{9A19103F-16F7-4668-BE54-9A1E7A4F7556}") = "TypingRealm.Domain.Core", "TypingRealm.Domain.Core\TypingRealm.Domain.Core.csproj", "{593125D6-0157-4303-8642-51E92A8EB2F0}"
EndProject
Project("{9A19103F-16F7-4668-BE54-9A1E7A4F7556}") = "TypingRealm.Domain.Core.Tests", "Tests\TypingRealm.Domain.Core.Tests\TypingRealm.Domain.Core.Tests.csproj", "{F9AF8743-12AA-4E79-B88F-84DA43AC723D}"
EndProject
Project("{9A19103F-16F7-4668-BE54-9A1E7A4F7556}") = "TypingRealm.Domain", "TypingRealm.Domain\TypingRealm.Domain.csproj", "{5603DDCC-F818-46FC-916D-413C86556887}"
EndProject
Project("{9A19103F-16F7-4668-BE54-9A1E7A4F7556}") = "TypingRealm.Domain.Tests", "Tests\TypingRealm.Domain.Tests\TypingRealm.Domain.Tests.csproj", "{C9F81E39-4AA8-49AA-93E3-12AAF10CB58A}"
EndProject
Project("{9A19103F-16F7-4668-BE54-9A1E7A4F7556}") = "TypingRealm.Domain.Infrastructure", "TypingRealm.Domain.Infrastructure\TypingRealm.Domain.Infrastructure.csproj", "{438F5D5A-F37B-4703-BAF1-9B96873B8D64}"
EndProject
Project("{2150E333-8FDC-42A3-9474-1A3956D46DE8}") = "Combat", "Combat", "{95D3DDD2-2892-4202-B6DF-A5D96A586511}"
EndProject
Project("{9A19103F-16F7-4668-BE54-9A1E7A4F7556}") = "TypingRealm.Combat", "TypingRealm.Combat\TypingRealm.Combat.csproj", "{D6181EDB-623A-4F38-B4F8-CD6CB7311FD2}"
EndProject
Project("{9A19103F-16F7-4668-BE54-9A1E7A4F7556}") = "TypingRealm.Combat.Server", "TypingRealm.Combat.Server\TypingRealm.Combat.Server.csproj", "{F36C9640-6D2E-4347-9318-6A90C6488290}"
EndProject
Project("{9A19103F-16F7-4668-BE54-9A1E7A4F7556}") = "TypingRealm.SignalR", "TypingRealm.SignalR\TypingRealm.SignalR.csproj", "{53C8B788-7000-4BB7-8181-70B509B4AEAB}"
EndProject
Project("{9A19103F-16F7-4668-BE54-9A1E7A4F7556}") = "TypingRealm.RopeWar", "TypingRealm.RopeWar\TypingRealm.RopeWar.csproj", "{0DBE56A2-23DB-49D5-95BA-4721F6775184}"
EndProject
Project("{2150E333-8FDC-42A3-9474-1A3956D46DE8}") = "RopeWar", "RopeWar", "{09CC2899-3A2E-465F-8661-47580B367334}"
EndProject
Project("{9A19103F-16F7-4668-BE54-9A1E7A4F7556}") = "TypingRealm.RopeWar.Server", "TypingRealm.RopeWar.Server\TypingRealm.RopeWar.Server.csproj", "{0F99DAF4-0283-4A5C-9310-8737CC1D9F98}"
EndProject
Project("{2150E333-8FDC-42A3-9474-1A3956D46DE8}") = "Infrastructure", "Infrastructure", "{C00AAAEB-23DF-4B66-9326-E73C29F075D5}"
EndProject
Project("{2150E333-8FDC-42A3-9474-1A3956D46DE8}") = "Profiles", "Profiles", "{5878711F-092A-4204-A260-F3C9D4576A63}"
EndProject
Project("{9A19103F-16F7-4668-BE54-9A1E7A4F7556}") = "TypingRealm.Profiles.Api", "TypingRealm.Profiles.Api\TypingRealm.Profiles.Api.csproj", "{855AB1DE-4FBA-4823-8492-A1E177D0A16C}"
EndProject
Project("{9A19103F-16F7-4668-BE54-9A1E7A4F7556}") = "TypingRealm.Profiles", "TypingRealm.Profiles\TypingRealm.Profiles.csproj", "{65D21858-C524-4E2F-99AD-B8E4EB9C39E3}"
EndProject
Project("{9A19103F-16F7-4668-BE54-9A1E7A4F7556}") = "TypingRealm.Profiles.Infrastructure", "TypingRealm.Profiles.Infrastructure\TypingRealm.Profiles.Infrastructure.csproj", "{972A663E-7ADA-48DC-B391-AE20104E5618}"
EndProject
Project("{9A19103F-16F7-4668-BE54-9A1E7A4F7556}") = "TypingRealm.Profiles.Api.Resources", "TypingRealm.Profiles.Api.Resources\TypingRealm.Profiles.Api.Resources.csproj", "{B290B020-E587-4B63-AA3E-31702C550A06}"
EndProject
Project("{9A19103F-16F7-4668-BE54-9A1E7A4F7556}") = "TypingRealm.Authentication", "TypingRealm.Authentication\TypingRealm.Authentication.csproj", "{909B21EA-DBDF-4167-A770-1444046C0C79}"
EndProject
Project("{9A19103F-16F7-4668-BE54-9A1E7A4F7556}") = "TypingRealm.RopeWar.TcpServer", "TypingRealm.RopeWar.TcpServer\TypingRealm.RopeWar.TcpServer.csproj", "{C7344B35-3A09-4476-8928-E9CA90E93220}"
EndProject
Project("{9A19103F-16F7-4668-BE54-9A1E7A4F7556}") = "TypingRealm.Communication", "TypingRealm.Communication\TypingRealm.Communication.csproj", "{DDB65076-5728-421B-87EB-FCA54A904F02}"
EndProject
Project("{9A19103F-16F7-4668-BE54-9A1E7A4F7556}") = "TypingRealm.Profiles.Api.Client", "TypingRealm.Profiles.Api.Client\TypingRealm.Profiles.Api.Client.csproj", "{60109B25-829C-4D52-B158-5B063AAFE71E}"
EndProject
Project("{2150E333-8FDC-42A3-9474-1A3956D46DE8}") = "Movement", "Movement", "{D4B7D0F0-50E3-42D3-BF63-9283FA6B7690}"
EndProject
Project("{9A19103F-16F7-4668-BE54-9A1E7A4F7556}") = "TypingRealm.Tcp", "TypingRealm.Tcp\TypingRealm.Tcp.csproj", "{3CA9C529-8B22-499A-9F36-F2CAA26C7D65}"
EndProject
Project("{9A19103F-16F7-4668-BE54-9A1E7A4F7556}") = "TypingRealm.Hosting", "TypingRealm.Hosting\TypingRealm.Hosting.csproj", "{AB388D12-E5EF-47AD-B0DA-74F642C35854}"
EndProject
Project("{2150E333-8FDC-42A3-9474-1A3956D46DE8}") = "Old", "Old", "{BC27E087-5CF8-4B05-BDC3-C6621BED5921}"
EndProject
Project("{9A19103F-16F7-4668-BE54-9A1E7A4F7556}") = "TypingRealm.Messaging.Broker", "TypingRealm.Messaging.Broker\TypingRealm.Messaging.Broker.csproj", "{9944B457-F72F-4BC0-89FE-A7564F1C1A41}"
EndProject
Project("{FAE04EC0-301F-11D3-BF4B-00C04F79EFBC}") = "TypingRealm.Messaging.Broker.Server", "TypingRealm.Messaging.Broker.Server\TypingRealm.Messaging.Broker.Server.csproj", "{32A5824E-DB56-41B1-A484-9ADE1011442F}"
EndProject
Project("{FAE04EC0-301F-11D3-BF4B-00C04F79EFBC}") = "TypingRealm.Messaging.Broker.Core", "TypingRealm.Messaging.Broker.Core\TypingRealm.Messaging.Broker.Core.csproj", "{A8E21970-70D0-4180-AB77-668BC969787A}"
EndProject
Project("{FAE04EC0-301F-11D3-BF4B-00C04F79EFBC}") = "TypingRealm.Messaging.Broker.Tcp", "TypingRealm.Messaging.Broker.Tcp\TypingRealm.Messaging.Broker.Tcp.csproj", "{10A74355-37DF-4049-9A0E-6063837E047D}"
EndProject
Global
	GlobalSection(SolutionConfigurationPlatforms) = preSolution
		Debug|Any CPU = Debug|Any CPU
		Release|Any CPU = Release|Any CPU
	EndGlobalSection
	GlobalSection(ProjectConfigurationPlatforms) = postSolution
		{C0B9F69D-A0D4-4C48-9571-E949C4FC856A}.Debug|Any CPU.ActiveCfg = Debug|Any CPU
		{C0B9F69D-A0D4-4C48-9571-E949C4FC856A}.Debug|Any CPU.Build.0 = Debug|Any CPU
		{C0B9F69D-A0D4-4C48-9571-E949C4FC856A}.Release|Any CPU.ActiveCfg = Release|Any CPU
		{C0B9F69D-A0D4-4C48-9571-E949C4FC856A}.Release|Any CPU.Build.0 = Release|Any CPU
		{E6CD6BB0-B695-4644-82EC-1E2799021FD4}.Debug|Any CPU.ActiveCfg = Debug|Any CPU
		{E6CD6BB0-B695-4644-82EC-1E2799021FD4}.Debug|Any CPU.Build.0 = Debug|Any CPU
		{E6CD6BB0-B695-4644-82EC-1E2799021FD4}.Release|Any CPU.ActiveCfg = Release|Any CPU
		{E6CD6BB0-B695-4644-82EC-1E2799021FD4}.Release|Any CPU.Build.0 = Release|Any CPU
		{D8C34300-15CD-4BC5-8182-2A9394345C77}.Debug|Any CPU.ActiveCfg = Debug|Any CPU
		{D8C34300-15CD-4BC5-8182-2A9394345C77}.Debug|Any CPU.Build.0 = Debug|Any CPU
		{D8C34300-15CD-4BC5-8182-2A9394345C77}.Release|Any CPU.ActiveCfg = Release|Any CPU
		{D8C34300-15CD-4BC5-8182-2A9394345C77}.Release|Any CPU.Build.0 = Release|Any CPU
		{A5713268-B5CF-4C5A-B6B1-DE2A6E2CB176}.Debug|Any CPU.ActiveCfg = Debug|Any CPU
		{A5713268-B5CF-4C5A-B6B1-DE2A6E2CB176}.Debug|Any CPU.Build.0 = Debug|Any CPU
		{A5713268-B5CF-4C5A-B6B1-DE2A6E2CB176}.Release|Any CPU.ActiveCfg = Release|Any CPU
		{A5713268-B5CF-4C5A-B6B1-DE2A6E2CB176}.Release|Any CPU.Build.0 = Release|Any CPU
		{1CA39138-E838-4806-86FC-B1390A551397}.Debug|Any CPU.ActiveCfg = Debug|Any CPU
		{1CA39138-E838-4806-86FC-B1390A551397}.Debug|Any CPU.Build.0 = Debug|Any CPU
		{1CA39138-E838-4806-86FC-B1390A551397}.Release|Any CPU.ActiveCfg = Release|Any CPU
		{1CA39138-E838-4806-86FC-B1390A551397}.Release|Any CPU.Build.0 = Release|Any CPU
		{2C6D4875-73BD-48DD-B00D-FDC08823D43A}.Debug|Any CPU.ActiveCfg = Debug|Any CPU
		{2C6D4875-73BD-48DD-B00D-FDC08823D43A}.Debug|Any CPU.Build.0 = Debug|Any CPU
		{2C6D4875-73BD-48DD-B00D-FDC08823D43A}.Release|Any CPU.ActiveCfg = Release|Any CPU
		{2C6D4875-73BD-48DD-B00D-FDC08823D43A}.Release|Any CPU.Build.0 = Release|Any CPU
		{576D1BF3-0BD0-4571-9CBB-C052B62C7B55}.Debug|Any CPU.ActiveCfg = Debug|Any CPU
		{576D1BF3-0BD0-4571-9CBB-C052B62C7B55}.Debug|Any CPU.Build.0 = Debug|Any CPU
		{576D1BF3-0BD0-4571-9CBB-C052B62C7B55}.Release|Any CPU.ActiveCfg = Release|Any CPU
		{576D1BF3-0BD0-4571-9CBB-C052B62C7B55}.Release|Any CPU.Build.0 = Release|Any CPU
		{EEE3FE4E-E52D-41ED-A51E-60F2EFED7CB0}.Debug|Any CPU.ActiveCfg = Debug|Any CPU
		{EEE3FE4E-E52D-41ED-A51E-60F2EFED7CB0}.Debug|Any CPU.Build.0 = Debug|Any CPU
		{EEE3FE4E-E52D-41ED-A51E-60F2EFED7CB0}.Release|Any CPU.ActiveCfg = Release|Any CPU
		{EEE3FE4E-E52D-41ED-A51E-60F2EFED7CB0}.Release|Any CPU.Build.0 = Release|Any CPU
		{05FC5614-30E5-49BA-AC0A-CADECEB425E1}.Debug|Any CPU.ActiveCfg = Debug|Any CPU
		{05FC5614-30E5-49BA-AC0A-CADECEB425E1}.Debug|Any CPU.Build.0 = Debug|Any CPU
		{05FC5614-30E5-49BA-AC0A-CADECEB425E1}.Release|Any CPU.ActiveCfg = Release|Any CPU
		{05FC5614-30E5-49BA-AC0A-CADECEB425E1}.Release|Any CPU.Build.0 = Release|Any CPU
		{3B28B6C1-9055-4440-83F9-0986C3DC4A9F}.Debug|Any CPU.ActiveCfg = Debug|Any CPU
		{3B28B6C1-9055-4440-83F9-0986C3DC4A9F}.Debug|Any CPU.Build.0 = Debug|Any CPU
		{3B28B6C1-9055-4440-83F9-0986C3DC4A9F}.Release|Any CPU.ActiveCfg = Release|Any CPU
		{3B28B6C1-9055-4440-83F9-0986C3DC4A9F}.Release|Any CPU.Build.0 = Release|Any CPU
		{2999E361-CE1D-4773-B933-D2AC764AF4D7}.Debug|Any CPU.ActiveCfg = Debug|Any CPU
		{2999E361-CE1D-4773-B933-D2AC764AF4D7}.Debug|Any CPU.Build.0 = Debug|Any CPU
		{2999E361-CE1D-4773-B933-D2AC764AF4D7}.Release|Any CPU.ActiveCfg = Release|Any CPU
		{2999E361-CE1D-4773-B933-D2AC764AF4D7}.Release|Any CPU.Build.0 = Release|Any CPU
		{1A860EE6-65E3-477E-BC5B-A8C125B4671C}.Debug|Any CPU.ActiveCfg = Debug|Any CPU
		{1A860EE6-65E3-477E-BC5B-A8C125B4671C}.Debug|Any CPU.Build.0 = Debug|Any CPU
		{1A860EE6-65E3-477E-BC5B-A8C125B4671C}.Release|Any CPU.ActiveCfg = Release|Any CPU
		{1A860EE6-65E3-477E-BC5B-A8C125B4671C}.Release|Any CPU.Build.0 = Release|Any CPU
		{593125D6-0157-4303-8642-51E92A8EB2F0}.Debug|Any CPU.ActiveCfg = Debug|Any CPU
		{593125D6-0157-4303-8642-51E92A8EB2F0}.Debug|Any CPU.Build.0 = Debug|Any CPU
		{593125D6-0157-4303-8642-51E92A8EB2F0}.Release|Any CPU.ActiveCfg = Release|Any CPU
		{593125D6-0157-4303-8642-51E92A8EB2F0}.Release|Any CPU.Build.0 = Release|Any CPU
		{F9AF8743-12AA-4E79-B88F-84DA43AC723D}.Debug|Any CPU.ActiveCfg = Debug|Any CPU
		{F9AF8743-12AA-4E79-B88F-84DA43AC723D}.Debug|Any CPU.Build.0 = Debug|Any CPU
		{F9AF8743-12AA-4E79-B88F-84DA43AC723D}.Release|Any CPU.ActiveCfg = Release|Any CPU
		{F9AF8743-12AA-4E79-B88F-84DA43AC723D}.Release|Any CPU.Build.0 = Release|Any CPU
		{5603DDCC-F818-46FC-916D-413C86556887}.Debug|Any CPU.ActiveCfg = Debug|Any CPU
		{5603DDCC-F818-46FC-916D-413C86556887}.Debug|Any CPU.Build.0 = Debug|Any CPU
		{5603DDCC-F818-46FC-916D-413C86556887}.Release|Any CPU.ActiveCfg = Release|Any CPU
		{5603DDCC-F818-46FC-916D-413C86556887}.Release|Any CPU.Build.0 = Release|Any CPU
		{C9F81E39-4AA8-49AA-93E3-12AAF10CB58A}.Debug|Any CPU.ActiveCfg = Debug|Any CPU
		{C9F81E39-4AA8-49AA-93E3-12AAF10CB58A}.Debug|Any CPU.Build.0 = Debug|Any CPU
		{C9F81E39-4AA8-49AA-93E3-12AAF10CB58A}.Release|Any CPU.ActiveCfg = Release|Any CPU
		{C9F81E39-4AA8-49AA-93E3-12AAF10CB58A}.Release|Any CPU.Build.0 = Release|Any CPU
		{438F5D5A-F37B-4703-BAF1-9B96873B8D64}.Debug|Any CPU.ActiveCfg = Debug|Any CPU
		{438F5D5A-F37B-4703-BAF1-9B96873B8D64}.Debug|Any CPU.Build.0 = Debug|Any CPU
		{438F5D5A-F37B-4703-BAF1-9B96873B8D64}.Release|Any CPU.ActiveCfg = Release|Any CPU
		{438F5D5A-F37B-4703-BAF1-9B96873B8D64}.Release|Any CPU.Build.0 = Release|Any CPU
		{D6181EDB-623A-4F38-B4F8-CD6CB7311FD2}.Debug|Any CPU.ActiveCfg = Debug|Any CPU
		{D6181EDB-623A-4F38-B4F8-CD6CB7311FD2}.Debug|Any CPU.Build.0 = Debug|Any CPU
		{D6181EDB-623A-4F38-B4F8-CD6CB7311FD2}.Release|Any CPU.ActiveCfg = Release|Any CPU
		{D6181EDB-623A-4F38-B4F8-CD6CB7311FD2}.Release|Any CPU.Build.0 = Release|Any CPU
		{F36C9640-6D2E-4347-9318-6A90C6488290}.Debug|Any CPU.ActiveCfg = Debug|Any CPU
		{F36C9640-6D2E-4347-9318-6A90C6488290}.Debug|Any CPU.Build.0 = Debug|Any CPU
		{F36C9640-6D2E-4347-9318-6A90C6488290}.Release|Any CPU.ActiveCfg = Release|Any CPU
		{F36C9640-6D2E-4347-9318-6A90C6488290}.Release|Any CPU.Build.0 = Release|Any CPU
		{53C8B788-7000-4BB7-8181-70B509B4AEAB}.Debug|Any CPU.ActiveCfg = Debug|Any CPU
		{53C8B788-7000-4BB7-8181-70B509B4AEAB}.Debug|Any CPU.Build.0 = Debug|Any CPU
		{53C8B788-7000-4BB7-8181-70B509B4AEAB}.Release|Any CPU.ActiveCfg = Release|Any CPU
		{53C8B788-7000-4BB7-8181-70B509B4AEAB}.Release|Any CPU.Build.0 = Release|Any CPU
		{0DBE56A2-23DB-49D5-95BA-4721F6775184}.Debug|Any CPU.ActiveCfg = Debug|Any CPU
		{0DBE56A2-23DB-49D5-95BA-4721F6775184}.Debug|Any CPU.Build.0 = Debug|Any CPU
		{0DBE56A2-23DB-49D5-95BA-4721F6775184}.Release|Any CPU.ActiveCfg = Release|Any CPU
		{0DBE56A2-23DB-49D5-95BA-4721F6775184}.Release|Any CPU.Build.0 = Release|Any CPU
		{0F99DAF4-0283-4A5C-9310-8737CC1D9F98}.Debug|Any CPU.ActiveCfg = Debug|Any CPU
		{0F99DAF4-0283-4A5C-9310-8737CC1D9F98}.Debug|Any CPU.Build.0 = Debug|Any CPU
		{0F99DAF4-0283-4A5C-9310-8737CC1D9F98}.Release|Any CPU.ActiveCfg = Release|Any CPU
		{0F99DAF4-0283-4A5C-9310-8737CC1D9F98}.Release|Any CPU.Build.0 = Release|Any CPU
		{855AB1DE-4FBA-4823-8492-A1E177D0A16C}.Debug|Any CPU.ActiveCfg = Debug|Any CPU
		{855AB1DE-4FBA-4823-8492-A1E177D0A16C}.Debug|Any CPU.Build.0 = Debug|Any CPU
		{855AB1DE-4FBA-4823-8492-A1E177D0A16C}.Release|Any CPU.ActiveCfg = Release|Any CPU
		{855AB1DE-4FBA-4823-8492-A1E177D0A16C}.Release|Any CPU.Build.0 = Release|Any CPU
		{65D21858-C524-4E2F-99AD-B8E4EB9C39E3}.Debug|Any CPU.ActiveCfg = Debug|Any CPU
		{65D21858-C524-4E2F-99AD-B8E4EB9C39E3}.Debug|Any CPU.Build.0 = Debug|Any CPU
		{65D21858-C524-4E2F-99AD-B8E4EB9C39E3}.Release|Any CPU.ActiveCfg = Release|Any CPU
		{65D21858-C524-4E2F-99AD-B8E4EB9C39E3}.Release|Any CPU.Build.0 = Release|Any CPU
		{972A663E-7ADA-48DC-B391-AE20104E5618}.Debug|Any CPU.ActiveCfg = Debug|Any CPU
		{972A663E-7ADA-48DC-B391-AE20104E5618}.Debug|Any CPU.Build.0 = Debug|Any CPU
		{972A663E-7ADA-48DC-B391-AE20104E5618}.Release|Any CPU.ActiveCfg = Release|Any CPU
		{972A663E-7ADA-48DC-B391-AE20104E5618}.Release|Any CPU.Build.0 = Release|Any CPU
		{B290B020-E587-4B63-AA3E-31702C550A06}.Debug|Any CPU.ActiveCfg = Debug|Any CPU
		{B290B020-E587-4B63-AA3E-31702C550A06}.Debug|Any CPU.Build.0 = Debug|Any CPU
		{B290B020-E587-4B63-AA3E-31702C550A06}.Release|Any CPU.ActiveCfg = Release|Any CPU
		{B290B020-E587-4B63-AA3E-31702C550A06}.Release|Any CPU.Build.0 = Release|Any CPU
		{909B21EA-DBDF-4167-A770-1444046C0C79}.Debug|Any CPU.ActiveCfg = Debug|Any CPU
		{909B21EA-DBDF-4167-A770-1444046C0C79}.Debug|Any CPU.Build.0 = Debug|Any CPU
		{909B21EA-DBDF-4167-A770-1444046C0C79}.Release|Any CPU.ActiveCfg = Release|Any CPU
		{909B21EA-DBDF-4167-A770-1444046C0C79}.Release|Any CPU.Build.0 = Release|Any CPU
		{C7344B35-3A09-4476-8928-E9CA90E93220}.Debug|Any CPU.ActiveCfg = Debug|Any CPU
		{C7344B35-3A09-4476-8928-E9CA90E93220}.Debug|Any CPU.Build.0 = Debug|Any CPU
		{C7344B35-3A09-4476-8928-E9CA90E93220}.Release|Any CPU.ActiveCfg = Release|Any CPU
		{C7344B35-3A09-4476-8928-E9CA90E93220}.Release|Any CPU.Build.0 = Release|Any CPU
		{DDB65076-5728-421B-87EB-FCA54A904F02}.Debug|Any CPU.ActiveCfg = Debug|Any CPU
		{DDB65076-5728-421B-87EB-FCA54A904F02}.Debug|Any CPU.Build.0 = Debug|Any CPU
		{DDB65076-5728-421B-87EB-FCA54A904F02}.Release|Any CPU.ActiveCfg = Release|Any CPU
		{DDB65076-5728-421B-87EB-FCA54A904F02}.Release|Any CPU.Build.0 = Release|Any CPU
		{60109B25-829C-4D52-B158-5B063AAFE71E}.Debug|Any CPU.ActiveCfg = Debug|Any CPU
		{60109B25-829C-4D52-B158-5B063AAFE71E}.Debug|Any CPU.Build.0 = Debug|Any CPU
		{60109B25-829C-4D52-B158-5B063AAFE71E}.Release|Any CPU.ActiveCfg = Release|Any CPU
		{60109B25-829C-4D52-B158-5B063AAFE71E}.Release|Any CPU.Build.0 = Release|Any CPU
		{3CA9C529-8B22-499A-9F36-F2CAA26C7D65}.Debug|Any CPU.ActiveCfg = Debug|Any CPU
		{3CA9C529-8B22-499A-9F36-F2CAA26C7D65}.Debug|Any CPU.Build.0 = Debug|Any CPU
		{3CA9C529-8B22-499A-9F36-F2CAA26C7D65}.Release|Any CPU.ActiveCfg = Release|Any CPU
		{3CA9C529-8B22-499A-9F36-F2CAA26C7D65}.Release|Any CPU.Build.0 = Release|Any CPU
		{AB388D12-E5EF-47AD-B0DA-74F642C35854}.Debug|Any CPU.ActiveCfg = Debug|Any CPU
		{AB388D12-E5EF-47AD-B0DA-74F642C35854}.Debug|Any CPU.Build.0 = Debug|Any CPU
		{AB388D12-E5EF-47AD-B0DA-74F642C35854}.Release|Any CPU.ActiveCfg = Release|Any CPU
		{AB388D12-E5EF-47AD-B0DA-74F642C35854}.Release|Any CPU.Build.0 = Release|Any CPU
		{9944B457-F72F-4BC0-89FE-A7564F1C1A41}.Debug|Any CPU.ActiveCfg = Debug|Any CPU
		{9944B457-F72F-4BC0-89FE-A7564F1C1A41}.Debug|Any CPU.Build.0 = Debug|Any CPU
		{9944B457-F72F-4BC0-89FE-A7564F1C1A41}.Release|Any CPU.ActiveCfg = Release|Any CPU
		{9944B457-F72F-4BC0-89FE-A7564F1C1A41}.Release|Any CPU.Build.0 = Release|Any CPU
		{32A5824E-DB56-41B1-A484-9ADE1011442F}.Debug|Any CPU.ActiveCfg = Debug|Any CPU
		{32A5824E-DB56-41B1-A484-9ADE1011442F}.Debug|Any CPU.Build.0 = Debug|Any CPU
		{32A5824E-DB56-41B1-A484-9ADE1011442F}.Release|Any CPU.ActiveCfg = Release|Any CPU
		{32A5824E-DB56-41B1-A484-9ADE1011442F}.Release|Any CPU.Build.0 = Release|Any CPU
		{A8E21970-70D0-4180-AB77-668BC969787A}.Debug|Any CPU.ActiveCfg = Debug|Any CPU
		{A8E21970-70D0-4180-AB77-668BC969787A}.Debug|Any CPU.Build.0 = Debug|Any CPU
		{A8E21970-70D0-4180-AB77-668BC969787A}.Release|Any CPU.ActiveCfg = Release|Any CPU
		{A8E21970-70D0-4180-AB77-668BC969787A}.Release|Any CPU.Build.0 = Release|Any CPU
		{10A74355-37DF-4049-9A0E-6063837E047D}.Debug|Any CPU.ActiveCfg = Debug|Any CPU
		{10A74355-37DF-4049-9A0E-6063837E047D}.Debug|Any CPU.Build.0 = Debug|Any CPU
		{10A74355-37DF-4049-9A0E-6063837E047D}.Release|Any CPU.ActiveCfg = Release|Any CPU
		{10A74355-37DF-4049-9A0E-6063837E047D}.Release|Any CPU.Build.0 = Release|Any CPU
	EndGlobalSection
	GlobalSection(SolutionProperties) = preSolution
		HideSolutionNode = FALSE
	EndGlobalSection
	GlobalSection(NestedProjects) = preSolution
		{C0B9F69D-A0D4-4C48-9571-E949C4FC856A} = {792AC347-74FB-4A4E-AD3B-D78B344D17BB}
		{E6CD6BB0-B695-4644-82EC-1E2799021FD4} = {D58A09EC-1247-4839-95AA-3B8C9E649839}
		{D8C34300-15CD-4BC5-8182-2A9394345C77} = {D58A09EC-1247-4839-95AA-3B8C9E649839}
		{A5713268-B5CF-4C5A-B6B1-DE2A6E2CB176} = {792AC347-74FB-4A4E-AD3B-D78B344D17BB}
		{1CA39138-E838-4806-86FC-B1390A551397} = {D58A09EC-1247-4839-95AA-3B8C9E649839}
		{2C6D4875-73BD-48DD-B00D-FDC08823D43A} = {792AC347-74FB-4A4E-AD3B-D78B344D17BB}
		{576D1BF3-0BD0-4571-9CBB-C052B62C7B55} = {D58A09EC-1247-4839-95AA-3B8C9E649839}
		{EEE3FE4E-E52D-41ED-A51E-60F2EFED7CB0} = {C00AAAEB-23DF-4B66-9326-E73C29F075D5}
		{05FC5614-30E5-49BA-AC0A-CADECEB425E1} = {D58A09EC-1247-4839-95AA-3B8C9E649839}
		{3B28B6C1-9055-4440-83F9-0986C3DC4A9F} = {792AC347-74FB-4A4E-AD3B-D78B344D17BB}
		{2999E361-CE1D-4773-B933-D2AC764AF4D7} = {D58A09EC-1247-4839-95AA-3B8C9E649839}
		{593125D6-0157-4303-8642-51E92A8EB2F0} = {792AC347-74FB-4A4E-AD3B-D78B344D17BB}
		{F9AF8743-12AA-4E79-B88F-84DA43AC723D} = {D58A09EC-1247-4839-95AA-3B8C9E649839}
		{5603DDCC-F818-46FC-916D-413C86556887} = {D4B7D0F0-50E3-42D3-BF63-9283FA6B7690}
		{C9F81E39-4AA8-49AA-93E3-12AAF10CB58A} = {D58A09EC-1247-4839-95AA-3B8C9E649839}
		{438F5D5A-F37B-4703-BAF1-9B96873B8D64} = {D4B7D0F0-50E3-42D3-BF63-9283FA6B7690}
		{95D3DDD2-2892-4202-B6DF-A5D96A586511} = {BC27E087-5CF8-4B05-BDC3-C6621BED5921}
		{D6181EDB-623A-4F38-B4F8-CD6CB7311FD2} = {95D3DDD2-2892-4202-B6DF-A5D96A586511}
		{F36C9640-6D2E-4347-9318-6A90C6488290} = {95D3DDD2-2892-4202-B6DF-A5D96A586511}
		{53C8B788-7000-4BB7-8181-70B509B4AEAB} = {C00AAAEB-23DF-4B66-9326-E73C29F075D5}
		{0DBE56A2-23DB-49D5-95BA-4721F6775184} = {09CC2899-3A2E-465F-8661-47580B367334}
		{0F99DAF4-0283-4A5C-9310-8737CC1D9F98} = {09CC2899-3A2E-465F-8661-47580B367334}
		{855AB1DE-4FBA-4823-8492-A1E177D0A16C} = {5878711F-092A-4204-A260-F3C9D4576A63}
		{65D21858-C524-4E2F-99AD-B8E4EB9C39E3} = {5878711F-092A-4204-A260-F3C9D4576A63}
		{972A663E-7ADA-48DC-B391-AE20104E5618} = {5878711F-092A-4204-A260-F3C9D4576A63}
		{B290B020-E587-4B63-AA3E-31702C550A06} = {5878711F-092A-4204-A260-F3C9D4576A63}
		{909B21EA-DBDF-4167-A770-1444046C0C79} = {C00AAAEB-23DF-4B66-9326-E73C29F075D5}
		{C7344B35-3A09-4476-8928-E9CA90E93220} = {09CC2899-3A2E-465F-8661-47580B367334}
		{DDB65076-5728-421B-87EB-FCA54A904F02} = {C00AAAEB-23DF-4B66-9326-E73C29F075D5}
		{60109B25-829C-4D52-B158-5B063AAFE71E} = {5878711F-092A-4204-A260-F3C9D4576A63}
		{D4B7D0F0-50E3-42D3-BF63-9283FA6B7690} = {BC27E087-5CF8-4B05-BDC3-C6621BED5921}
		{3CA9C529-8B22-499A-9F36-F2CAA26C7D65} = {C00AAAEB-23DF-4B66-9326-E73C29F075D5}
		{AB388D12-E5EF-47AD-B0DA-74F642C35854} = {C00AAAEB-23DF-4B66-9326-E73C29F075D5}
		{9944B457-F72F-4BC0-89FE-A7564F1C1A41} = {C00AAAEB-23DF-4B66-9326-E73C29F075D5}
		{32A5824E-DB56-41B1-A484-9ADE1011442F} = {C00AAAEB-23DF-4B66-9326-E73C29F075D5}
		{A8E21970-70D0-4180-AB77-668BC969787A} = {792AC347-74FB-4A4E-AD3B-D78B344D17BB}
		{10A74355-37DF-4049-9A0E-6063837E047D} = {C00AAAEB-23DF-4B66-9326-E73C29F075D5}
	EndGlobalSection
	GlobalSection(ExtensibilityGlobals) = postSolution
		SolutionGuid = {BCBE02AB-E010-400D-99F3-DE372EABFDE7}
	EndGlobalSection
EndGlobal
