
Microsoft Visual Studio Solution File, Format Version 12.00
# Visual Studio Version 17
VisualStudioVersion = 17.8.34408.163
MinimumVisualStudioVersion = 10.0.40219.1
Project("{9A19103F-16F7-4668-BE54-9A1E7A4F7556}") = "TypingRealm.Typing.Api", "TypingRealm.Typing.Api\TypingRealm.Typing.Api.csproj", "{D78B1052-6375-4694-87C8-0BDAF604C56E}"
EndProject
Project("{2150E333-8FDC-42A3-9474-1A3956D46DE8}") = "Solution Items", "Solution Items", "{A4B3B6D3-8739-418F-838E-7421E195D299}"
	ProjectSection(SolutionItems) = preProject
		.editorconfig = .editorconfig
		Directory.Build.props = Directory.Build.props
		Directory.Packages.props = Directory.Packages.props
	EndProjectSection
EndProject
Project("{9A19103F-16F7-4668-BE54-9A1E7A4F7556}") = "TypingRealm.Typing", "TypingRealm.Typing\TypingRealm.Typing.csproj", "{51FF857D-2D7C-490A-80D7-3A23164D842F}"
EndProject
Project("{9A19103F-16F7-4668-BE54-9A1E7A4F7556}") = "TypingRealm.Typing.DataAccess", "TypingRealm.Typing.DataAccess\TypingRealm.Typing.DataAccess.csproj", "{5476D36A-B2AD-4C3E-9064-F058B07950A1}"
EndProject
Project("{9A19103F-16F7-4668-BE54-9A1E7A4F7556}") = "TypingRealm.Framework", "TypingRealm.Framework\TypingRealm.Framework.csproj", "{B07B83ED-84A8-42E8-B284-B14F23A314CA}"
EndProject
Project("{2150E333-8FDC-42A3-9474-1A3956D46DE8}") = "Framework", "Framework", "{9B855D55-3F19-4B4D-934B-BB54ACEC706E}"
EndProject
Project("{9A19103F-16F7-4668-BE54-9A1E7A4F7556}") = "TypingRealm.ApiHost", "TypingRealm.ApiHost\TypingRealm.ApiHost.csproj", "{9C68607B-5F9B-4DE6-B206-485DDB08A40C}"
EndProject
Project("{FAE04EC0-301F-11D3-BF4B-00C04F79EFBC}") = "TypingRealm.Game.Api", "TypingRealm.Game.Api\TypingRealm.Game.Api.csproj", "{15F0B74B-F0A2-492F-9631-6C9235F514F0}"
EndProject
Global
	GlobalSection(SolutionConfigurationPlatforms) = preSolution
		Debug|Any CPU = Debug|Any CPU
		Release|Any CPU = Release|Any CPU
	EndGlobalSection
	GlobalSection(ProjectConfigurationPlatforms) = postSolution
		{D78B1052-6375-4694-87C8-0BDAF604C56E}.Debug|Any CPU.ActiveCfg = Debug|Any CPU
		{D78B1052-6375-4694-87C8-0BDAF604C56E}.Debug|Any CPU.Build.0 = Debug|Any CPU
		{D78B1052-6375-4694-87C8-0BDAF604C56E}.Release|Any CPU.ActiveCfg = Release|Any CPU
		{D78B1052-6375-4694-87C8-0BDAF604C56E}.Release|Any CPU.Build.0 = Release|Any CPU
		{51FF857D-2D7C-490A-80D7-3A23164D842F}.Debug|Any CPU.ActiveCfg = Debug|Any CPU
		{51FF857D-2D7C-490A-80D7-3A23164D842F}.Debug|Any CPU.Build.0 = Debug|Any CPU
		{51FF857D-2D7C-490A-80D7-3A23164D842F}.Release|Any CPU.ActiveCfg = Release|Any CPU
		{51FF857D-2D7C-490A-80D7-3A23164D842F}.Release|Any CPU.Build.0 = Release|Any CPU
		{5476D36A-B2AD-4C3E-9064-F058B07950A1}.Debug|Any CPU.ActiveCfg = Debug|Any CPU
		{5476D36A-B2AD-4C3E-9064-F058B07950A1}.Debug|Any CPU.Build.0 = Debug|Any CPU
		{5476D36A-B2AD-4C3E-9064-F058B07950A1}.Release|Any CPU.ActiveCfg = Release|Any CPU
		{5476D36A-B2AD-4C3E-9064-F058B07950A1}.Release|Any CPU.Build.0 = Release|Any CPU
		{B07B83ED-84A8-42E8-B284-B14F23A314CA}.Debug|Any CPU.ActiveCfg = Debug|Any CPU
		{B07B83ED-84A8-42E8-B284-B14F23A314CA}.Debug|Any CPU.Build.0 = Debug|Any CPU
		{B07B83ED-84A8-42E8-B284-B14F23A314CA}.Release|Any CPU.ActiveCfg = Release|Any CPU
		{B07B83ED-84A8-42E8-B284-B14F23A314CA}.Release|Any CPU.Build.0 = Release|Any CPU
		{9C68607B-5F9B-4DE6-B206-485DDB08A40C}.Debug|Any CPU.ActiveCfg = Debug|Any CPU
		{9C68607B-5F9B-4DE6-B206-485DDB08A40C}.Debug|Any CPU.Build.0 = Debug|Any CPU
		{9C68607B-5F9B-4DE6-B206-485DDB08A40C}.Release|Any CPU.ActiveCfg = Release|Any CPU
		{9C68607B-5F9B-4DE6-B206-485DDB08A40C}.Release|Any CPU.Build.0 = Release|Any CPU
		{15F0B74B-F0A2-492F-9631-6C9235F514F0}.Debug|Any CPU.ActiveCfg = Debug|Any CPU
		{15F0B74B-F0A2-492F-9631-6C9235F514F0}.Debug|Any CPU.Build.0 = Debug|Any CPU
		{15F0B74B-F0A2-492F-9631-6C9235F514F0}.Release|Any CPU.ActiveCfg = Release|Any CPU
		{15F0B74B-F0A2-492F-9631-6C9235F514F0}.Release|Any CPU.Build.0 = Release|Any CPU
	EndGlobalSection
	GlobalSection(SolutionProperties) = preSolution
		HideSolutionNode = FALSE
	EndGlobalSection
	GlobalSection(NestedProjects) = preSolution
		{B07B83ED-84A8-42E8-B284-B14F23A314CA} = {9B855D55-3F19-4B4D-934B-BB54ACEC706E}
		{9C68607B-5F9B-4DE6-B206-485DDB08A40C} = {9B855D55-3F19-4B4D-934B-BB54ACEC706E}
	EndGlobalSection
	GlobalSection(ExtensibilityGlobals) = postSolution
		SolutionGuid = {A4F7045E-F412-411D-B9A9-5DAD7E35F081}
	EndGlobalSection
EndGlobal
